
Microsoft Visual Studio Solution File, Format Version 12.00
# Visual Studio 14
VisualStudioVersion = 14.0.25123.0
MinimumVisualStudioVersion = 10.0.40219.1
Project("{FAE04EC0-301F-11D3-BF4B-00C04F79EFBC}") = "ClearUC", "ClearUC\ClearUC\ClearUC.csproj", "{C04626B1-395C-473C-B52E-20E2074369C4}"
EndProject
Project("{FAE04EC0-301F-11D3-BF4B-00C04F79EFBC}") = "LAP", "LAP\LAP.csproj", "{A7CE7C43-9714-4449-A3F1-E75B17A91E6C}"
EndProject
Project("{FAE04EC0-301F-11D3-BF4B-00C04F79EFBC}") = "MVPUC", "MVPUC\MVPUC.csproj", "{10FBDFFC-2DBC-49FC-BCC1-6C2F97781335}"
EndProject
Project("{FAE04EC0-301F-11D3-BF4B-00C04F79EFBC}") = "LAPP", "LAPP\LAPP.csproj", "{EA8497DA-00DE-4FD3-A4BB-18690FEC9271}"
EndProject
Project("{FAE04EC0-301F-11D3-BF4B-00C04F79EFBC}") = "NWrapper", "NWrapper\NWrapper.csproj", "{89D4B40A-027B-4A45-A1D5-2956080E0195}"
EndProject
Project("{8BC9CEB8-8B4A-11D0-8D11-00A0C91BC942}") = "SrtLib", "SrtLib\SrtLib.vcxproj", "{A7AE7990-C1D3-4A65-AAF2-67A3D6686678}"
EndProject
Project("{FAE04EC0-301F-11D3-BF4B-00C04F79EFBC}") = "TestPlugin", "TestPlugin\TestPlugin.csproj", "{D5D0E650-6690-431A-8403-FDB214391F7A}"
EndProject
Global
	GlobalSection(SolutionConfigurationPlatforms) = preSolution
		Debug|Any CPU = Debug|Any CPU
		Debug|x64 = Debug|x64
		Debug|x86 = Debug|x86
		Release|Any CPU = Release|Any CPU
		Release|x64 = Release|x64
		Release|x86 = Release|x86
	EndGlobalSection
	GlobalSection(ProjectConfigurationPlatforms) = postSolution
		{C04626B1-395C-473C-B52E-20E2074369C4}.Debug|Any CPU.ActiveCfg = Debug|Any CPU
		{C04626B1-395C-473C-B52E-20E2074369C4}.Debug|Any CPU.Build.0 = Debug|Any CPU
		{C04626B1-395C-473C-B52E-20E2074369C4}.Debug|x64.ActiveCfg = Debug|Any CPU
		{C04626B1-395C-473C-B52E-20E2074369C4}.Debug|x64.Build.0 = Debug|Any CPU
		{C04626B1-395C-473C-B52E-20E2074369C4}.Debug|x86.ActiveCfg = Debug|x86
		{C04626B1-395C-473C-B52E-20E2074369C4}.Debug|x86.Build.0 = Debug|x86
		{C04626B1-395C-473C-B52E-20E2074369C4}.Release|Any CPU.ActiveCfg = Release|Any CPU
		{C04626B1-395C-473C-B52E-20E2074369C4}.Release|Any CPU.Build.0 = Release|Any CPU
		{C04626B1-395C-473C-B52E-20E2074369C4}.Release|x64.ActiveCfg = Release|Any CPU
		{C04626B1-395C-473C-B52E-20E2074369C4}.Release|x64.Build.0 = Release|Any CPU
		{C04626B1-395C-473C-B52E-20E2074369C4}.Release|x86.ActiveCfg = Release|x86
		{C04626B1-395C-473C-B52E-20E2074369C4}.Release|x86.Build.0 = Release|x86
		{A7CE7C43-9714-4449-A3F1-E75B17A91E6C}.Debug|Any CPU.ActiveCfg = Debug|Any CPU
		{A7CE7C43-9714-4449-A3F1-E75B17A91E6C}.Debug|Any CPU.Build.0 = Debug|Any CPU
		{A7CE7C43-9714-4449-A3F1-E75B17A91E6C}.Debug|x64.ActiveCfg = Debug|Any CPU
		{A7CE7C43-9714-4449-A3F1-E75B17A91E6C}.Debug|x64.Build.0 = Debug|Any CPU
		{A7CE7C43-9714-4449-A3F1-E75B17A91E6C}.Debug|x86.ActiveCfg = Debug|x86
		{A7CE7C43-9714-4449-A3F1-E75B17A91E6C}.Debug|x86.Build.0 = Debug|x86
		{A7CE7C43-9714-4449-A3F1-E75B17A91E6C}.Release|Any CPU.ActiveCfg = Release|Any CPU
		{A7CE7C43-9714-4449-A3F1-E75B17A91E6C}.Release|Any CPU.Build.0 = Release|Any CPU
		{A7CE7C43-9714-4449-A3F1-E75B17A91E6C}.Release|x64.ActiveCfg = Release|Any CPU
		{A7CE7C43-9714-4449-A3F1-E75B17A91E6C}.Release|x64.Build.0 = Release|Any CPU
		{A7CE7C43-9714-4449-A3F1-E75B17A91E6C}.Release|x86.ActiveCfg = Release|x86
		{A7CE7C43-9714-4449-A3F1-E75B17A91E6C}.Release|x86.Build.0 = Release|x86
		{10FBDFFC-2DBC-49FC-BCC1-6C2F97781335}.Debug|Any CPU.ActiveCfg = Debug|Any CPU
		{10FBDFFC-2DBC-49FC-BCC1-6C2F97781335}.Debug|Any CPU.Build.0 = Debug|Any CPU
		{10FBDFFC-2DBC-49FC-BCC1-6C2F97781335}.Debug|x64.ActiveCfg = Debug|Any CPU
		{10FBDFFC-2DBC-49FC-BCC1-6C2F97781335}.Debug|x64.Build.0 = Debug|Any CPU
		{10FBDFFC-2DBC-49FC-BCC1-6C2F97781335}.Debug|x86.ActiveCfg = Debug|x86
		{10FBDFFC-2DBC-49FC-BCC1-6C2F97781335}.Debug|x86.Build.0 = Debug|x86
		{10FBDFFC-2DBC-49FC-BCC1-6C2F97781335}.Release|Any CPU.ActiveCfg = Release|Any CPU
		{10FBDFFC-2DBC-49FC-BCC1-6C2F97781335}.Release|Any CPU.Build.0 = Release|Any CPU
		{10FBDFFC-2DBC-49FC-BCC1-6C2F97781335}.Release|x64.ActiveCfg = Release|Any CPU
		{10FBDFFC-2DBC-49FC-BCC1-6C2F97781335}.Release|x64.Build.0 = Release|Any CPU
		{10FBDFFC-2DBC-49FC-BCC1-6C2F97781335}.Release|x86.ActiveCfg = Release|x86
		{10FBDFFC-2DBC-49FC-BCC1-6C2F97781335}.Release|x86.Build.0 = Release|x86
		{EA8497DA-00DE-4FD3-A4BB-18690FEC9271}.Debug|Any CPU.ActiveCfg = Debug|Any CPU
		{EA8497DA-00DE-4FD3-A4BB-18690FEC9271}.Debug|Any CPU.Build.0 = Debug|Any CPU
		{EA8497DA-00DE-4FD3-A4BB-18690FEC9271}.Debug|x64.ActiveCfg = Debug|Any CPU
		{EA8497DA-00DE-4FD3-A4BB-18690FEC9271}.Debug|x64.Build.0 = Debug|Any CPU
		{EA8497DA-00DE-4FD3-A4BB-18690FEC9271}.Debug|x86.ActiveCfg = Debug|Any CPU
		{EA8497DA-00DE-4FD3-A4BB-18690FEC9271}.Debug|x86.Build.0 = Debug|Any CPU
		{EA8497DA-00DE-4FD3-A4BB-18690FEC9271}.Release|Any CPU.ActiveCfg = Release|Any CPU
		{EA8497DA-00DE-4FD3-A4BB-18690FEC9271}.Release|Any CPU.Build.0 = Release|Any CPU
		{EA8497DA-00DE-4FD3-A4BB-18690FEC9271}.Release|x64.ActiveCfg = Release|Any CPU
		{EA8497DA-00DE-4FD3-A4BB-18690FEC9271}.Release|x64.Build.0 = Release|Any CPU
		{EA8497DA-00DE-4FD3-A4BB-18690FEC9271}.Release|x86.ActiveCfg = Release|Any CPU
		{EA8497DA-00DE-4FD3-A4BB-18690FEC9271}.Release|x86.Build.0 = Release|Any CPU
		{89D4B40A-027B-4A45-A1D5-2956080E0195}.Debug|Any CPU.ActiveCfg = Debug|Any CPU
		{89D4B40A-027B-4A45-A1D5-2956080E0195}.Debug|Any CPU.Build.0 = Debug|Any CPU
		{89D4B40A-027B-4A45-A1D5-2956080E0195}.Debug|x64.ActiveCfg = Debug|Any CPU
		{89D4B40A-027B-4A45-A1D5-2956080E0195}.Debug|x64.Build.0 = Debug|Any CPU
		{89D4B40A-027B-4A45-A1D5-2956080E0195}.Debug|x86.ActiveCfg = Debug|Any CPU
		{89D4B40A-027B-4A45-A1D5-2956080E0195}.Debug|x86.Build.0 = Debug|Any CPU
		{89D4B40A-027B-4A45-A1D5-2956080E0195}.Release|Any CPU.ActiveCfg = Release|Any CPU
		{89D4B40A-027B-4A45-A1D5-2956080E0195}.Release|Any CPU.Build.0 = Release|Any CPU
		{89D4B40A-027B-4A45-A1D5-2956080E0195}.Release|x64.ActiveCfg = Release|Any CPU
		{89D4B40A-027B-4A45-A1D5-2956080E0195}.Release|x64.Build.0 = Release|Any CPU
		{89D4B40A-027B-4A45-A1D5-2956080E0195}.Release|x86.ActiveCfg = Release|Any CPU
		{89D4B40A-027B-4A45-A1D5-2956080E0195}.Release|x86.Build.0 = Release|Any CPU
		{A7AE7990-C1D3-4A65-AAF2-67A3D6686678}.Debug|Any CPU.ActiveCfg = Debug|Win32
		{A7AE7990-C1D3-4A65-AAF2-67A3D6686678}.Debug|x64.ActiveCfg = Debug|x64
		{A7AE7990-C1D3-4A65-AAF2-67A3D6686678}.Debug|x64.Build.0 = Debug|x64
		{A7AE7990-C1D3-4A65-AAF2-67A3D6686678}.Debug|x86.ActiveCfg = Debug|Win32
		{A7AE7990-C1D3-4A65-AAF2-67A3D6686678}.Debug|x86.Build.0 = Debug|Win32
		{A7AE7990-C1D3-4A65-AAF2-67A3D6686678}.Release|Any CPU.ActiveCfg = Release|Win32
		{A7AE7990-C1D3-4A65-AAF2-67A3D6686678}.Release|x64.ActiveCfg = Release|x64
		{A7AE7990-C1D3-4A65-AAF2-67A3D6686678}.Release|x64.Build.0 = Release|x64
		{A7AE7990-C1D3-4A65-AAF2-67A3D6686678}.Release|x86.ActiveCfg = Release|Win32
		{A7AE7990-C1D3-4A65-AAF2-67A3D6686678}.Release|x86.Build.0 = Release|Win32
		{D5D0E650-6690-431A-8403-FDB214391F7A}.Debug|Any CPU.ActiveCfg = Debug|Any CPU
		{D5D0E650-6690-431A-8403-FDB214391F7A}.Debug|Any CPU.Build.0 = Debug|Any CPU
		{D5D0E650-6690-431A-8403-FDB214391F7A}.Debug|x64.ActiveCfg = Debug|Any CPU
		{D5D0E650-6690-431A-8403-FDB214391F7A}.Debug|x64.Build.0 = Debug|Any CPU
		{D5D0E650-6690-431A-8403-FDB214391F7A}.Debug|x86.ActiveCfg = Debug|Any CPU
		{D5D0E650-6690-431A-8403-FDB214391F7A}.Debug|x86.Build.0 = Debug|Any CPU
		{D5D0E650-6690-431A-8403-FDB214391F7A}.Release|Any CPU.ActiveCfg = Release|Any CPU
		{D5D0E650-6690-431A-8403-FDB214391F7A}.Release|Any CPU.Build.0 = Release|Any CPU
		{D5D0E650-6690-431A-8403-FDB214391F7A}.Release|x64.ActiveCfg = Release|Any CPU
		{D5D0E650-6690-431A-8403-FDB214391F7A}.Release|x64.Build.0 = Release|Any CPU
		{D5D0E650-6690-431A-8403-FDB214391F7A}.Release|x86.ActiveCfg = Release|Any CPU
		{D5D0E650-6690-431A-8403-FDB214391F7A}.Release|x86.Build.0 = Release|Any CPU
	EndGlobalSection
	GlobalSection(SolutionProperties) = preSolution
		HideSolutionNode = FALSE
	EndGlobalSection
EndGlobal
